
Microsoft Visual Studio Solution File, Format Version 12.00
# Visual Studio Version 17
VisualStudioVersion = 17.1.32407.343
MinimumVisualStudioVersion = 10.0.40219.1
Project("{FAE04EC0-301F-11D3-BF4B-00C04F79EFBC}") = "WebApp", "WebApp\WebApp.csproj", "{B1128C19-1708-4D5F-8B66-A3F41CBA14F3}"
EndProject
Project("{FAE04EC0-301F-11D3-BF4B-00C04F79EFBC}") = "WebApp.Tests", "WebApp.Tests\WebApp.Tests.csproj", "{8B640D35-6E28-46CC-8F7A-1F026B57BF33}"
EndProject
Global
	GlobalSection(SolutionConfigurationPlatforms) = preSolution
		Debug|Any CPU = Debug|Any CPU
		Release|Any CPU = Release|Any CPU
	EndGlobalSection
	GlobalSection(ProjectConfigurationPlatforms) = postSolution
		{B1128C19-1708-4D5F-8B66-A3F41CBA14F3}.Debug|Any CPU.ActiveCfg = Debug|Any CPU
		{B1128C19-1708-4D5F-8B66-A3F41CBA14F3}.Debug|Any CPU.Build.0 = Debug|Any CPU
		{B1128C19-1708-4D5F-8B66-A3F41CBA14F3}.Release|Any CPU.ActiveCfg = Release|Any CPU
		{B1128C19-1708-4D5F-8B66-A3F41CBA14F3}.Release|Any CPU.Build.0 = Release|Any CPU
		{8B640D35-6E28-46CC-8F7A-1F026B57BF33}.Debug|Any CPU.ActiveCfg = Debug|Any CPU
		{8B640D35-6E28-46CC-8F7A-1F026B57BF33}.Debug|Any CPU.Build.0 = Debug|Any CPU
		{8B640D35-6E28-46CC-8F7A-1F026B57BF33}.Release|Any CPU.ActiveCfg = Release|Any CPU
		{8B640D35-6E28-46CC-8F7A-1F026B57BF33}.Release|Any CPU.Build.0 = Release|Any CPU
	EndGlobalSection
	GlobalSection(SolutionProperties) = preSolution
		HideSolutionNode = FALSE
	EndGlobalSection
	GlobalSection(ExtensibilityGlobals) = postSolution
		SolutionGuid = {40DD163F-9051-4C13-A40A-B93896A20BCC}
	EndGlobalSection
EndGlobal
